
Microsoft Visual Studio Solution File, Format Version 12.00
# Visual Studio Version 17
VisualStudioVersion = 17.8.34408.163
MinimumVisualStudioVersion = 10.0.40219.1
Project("{FAE04EC0-301F-11D3-BF4B-00C04F79EFBC}") = "Software_programming_week3_lab", "Software_programming_week3_lab\Software_programming_week3_lab.csproj", "{D60C6243-4221-428B-A98C-F6D2BDDB46C2}"
EndProject
Global
	GlobalSection(SolutionConfigurationPlatforms) = preSolution
		Debug|Any CPU = Debug|Any CPU
		Release|Any CPU = Release|Any CPU
	EndGlobalSection
	GlobalSection(ProjectConfigurationPlatforms) = postSolution
		{D60C6243-4221-428B-A98C-F6D2BDDB46C2}.Debug|Any CPU.ActiveCfg = Debug|Any CPU
		{D60C6243-4221-428B-A98C-F6D2BDDB46C2}.Debug|Any CPU.Build.0 = Debug|Any CPU
		{D60C6243-4221-428B-A98C-F6D2BDDB46C2}.Release|Any CPU.ActiveCfg = Release|Any CPU
		{D60C6243-4221-428B-A98C-F6D2BDDB46C2}.Release|Any CPU.Build.0 = Release|Any CPU
	EndGlobalSection
	GlobalSection(SolutionProperties) = preSolution
		HideSolutionNode = FALSE
	EndGlobalSection
	GlobalSection(ExtensibilityGlobals) = postSolution
		SolutionGuid = {FDA7C730-4F42-4FB0-AFFE-E24E77B4EC40}
	EndGlobalSection
EndGlobal
